
Microsoft Visual Studio Solution File, Format Version 12.00
# Visual Studio Version 17
VisualStudioVersion = 17.12.35527.113
MinimumVisualStudioVersion = 10.0.40219.1
Project("{FAE04EC0-301F-11D3-BF4B-00C04F79EFBC}") = "sec4Demo", "sec4Demo.csproj", "{1D7E3302-E7DE-4099-B2B3-A47317799706}"
EndProject
Project("{FAE04EC0-301F-11D3-BF4B-00C04F79EFBC}") = "Ass4", "..\ConsoleApp5\Ass4.csproj", "{1F9731E8-896E-4086-93DA-E494A3A2D336}"
EndProject
Global
	GlobalSection(SolutionConfigurationPlatforms) = preSolution
		Debug|Any CPU = Debug|Any CPU
		Release|Any CPU = Release|Any CPU
	EndGlobalSection
	GlobalSection(ProjectConfigurationPlatforms) = postSolution
		{1D7E3302-E7DE-4099-B2B3-A47317799706}.Debug|Any CPU.ActiveCfg = Debug|Any CPU
		{1D7E3302-E7DE-4099-B2B3-A47317799706}.Debug|Any CPU.Build.0 = Debug|Any CPU
		{1D7E3302-E7DE-4099-B2B3-A47317799706}.Release|Any CPU.ActiveCfg = Release|Any CPU
		{1D7E3302-E7DE-4099-B2B3-A47317799706}.Release|Any CPU.Build.0 = Release|Any CPU
		{1F9731E8-896E-4086-93DA-E494A3A2D336}.Debug|Any CPU.ActiveCfg = Debug|Any CPU
		{1F9731E8-896E-4086-93DA-E494A3A2D336}.Debug|Any CPU.Build.0 = Debug|Any CPU
		{1F9731E8-896E-4086-93DA-E494A3A2D336}.Release|Any CPU.ActiveCfg = Release|Any CPU
		{1F9731E8-896E-4086-93DA-E494A3A2D336}.Release|Any CPU.Build.0 = Release|Any CPU
	EndGlobalSection
	GlobalSection(SolutionProperties) = preSolution
		HideSolutionNode = FALSE
	EndGlobalSection
EndGlobal
